
Microsoft Visual Studio Solution File, Format Version 12.00
# Visual Studio Version 17
VisualStudioVersion = 17.7.34031.279
MinimumVisualStudioVersion = 10.0.40219.1
Project("{FAE04EC0-301F-11D3-BF4B-00C04F79EFBC}") = "ClientLib", "ClientLib.csproj", "{3614E263-0346-481A-9412-80FF95D3E010}"
EndProject
Project("{FAE04EC0-301F-11D3-BF4B-00C04F79EFBC}") = "ServerApp", "ServerApp\ServerApp.csproj", "{6BE7F7BE-38D1-4A0B-86A8-3082EE2401C3}"
EndProject
Project("{FAE04EC0-301F-11D3-BF4B-00C04F79EFBC}") = "ClientApp", "ClientApp\ClientApp.csproj", "{D12E0A9F-E48C-4E31-9C0A-0928F2020EC9}"
EndProject
Global
	GlobalSection(SolutionConfigurationPlatforms) = preSolution
		Debug|Any CPU = Debug|Any CPU
		Release|Any CPU = Release|Any CPU
	EndGlobalSection
	GlobalSection(ProjectConfigurationPlatforms) = postSolution
		{3614E263-0346-481A-9412-80FF95D3E010}.Debug|Any CPU.ActiveCfg = Debug|Any CPU
		{3614E263-0346-481A-9412-80FF95D3E010}.Debug|Any CPU.Build.0 = Debug|Any CPU
		{3614E263-0346-481A-9412-80FF95D3E010}.Release|Any CPU.ActiveCfg = Release|Any CPU
		{3614E263-0346-481A-9412-80FF95D3E010}.Release|Any CPU.Build.0 = Release|Any CPU
		{6BE7F7BE-38D1-4A0B-86A8-3082EE2401C3}.Debug|Any CPU.ActiveCfg = Debug|Any CPU
		{6BE7F7BE-38D1-4A0B-86A8-3082EE2401C3}.Debug|Any CPU.Build.0 = Debug|Any CPU
		{6BE7F7BE-38D1-4A0B-86A8-3082EE2401C3}.Release|Any CPU.ActiveCfg = Release|Any CPU
		{6BE7F7BE-38D1-4A0B-86A8-3082EE2401C3}.Release|Any CPU.Build.0 = Release|Any CPU
		{D12E0A9F-E48C-4E31-9C0A-0928F2020EC9}.Debug|Any CPU.ActiveCfg = Debug|Any CPU
		{D12E0A9F-E48C-4E31-9C0A-0928F2020EC9}.Debug|Any CPU.Build.0 = Debug|Any CPU
		{D12E0A9F-E48C-4E31-9C0A-0928F2020EC9}.Release|Any CPU.ActiveCfg = Release|Any CPU
		{D12E0A9F-E48C-4E31-9C0A-0928F2020EC9}.Release|Any CPU.Build.0 = Release|Any CPU
	EndGlobalSection
	GlobalSection(SolutionProperties) = preSolution
		HideSolutionNode = FALSE
	EndGlobalSection
	GlobalSection(ExtensibilityGlobals) = postSolution
		SolutionGuid = {728A5836-B6FA-4A6C-A9AC-A4E10A21F015}
	EndGlobalSection
EndGlobal
